
Microsoft Visual Studio Solution File, Format Version 12.00
# Visual Studio Version 17
VisualStudioVersion = 17.8.34322.80
MinimumVisualStudioVersion = 10.0.40219.1
Project("{9A19103F-16F7-4668-BE54-9A1E7A4F7556}") = "Api", "Api\Api.csproj", "{285ED73E-36FA-4A31-8BEB-ED2D5CAE46C1}"
EndProject
Project("{FAE04EC0-301F-11D3-BF4B-00C04F79EFBC}") = "Domain", "Domain\Domain.csproj", "{CB393DE7-BA1F-4C64-8F92-25BBECBA7212}"
EndProject
Project("{FAE04EC0-301F-11D3-BF4B-00C04F79EFBC}") = "Domain.Test", "Domain.Test\Domain.Test.csproj", "{5FE47495-7547-4151-B47F-6EAB07ECCA8B}"
EndProject
Project("{FAE04EC0-301F-11D3-BF4B-00C04F79EFBC}") = "Infrastructure", "Infrastructure\Infrastructure.csproj", "{5948A4EE-230A-4D42-AFC5-B7D34AE33312}"
EndProject
Global
	GlobalSection(SolutionConfigurationPlatforms) = preSolution
		Debug|Any CPU = Debug|Any CPU
		Release|Any CPU = Release|Any CPU
	EndGlobalSection
	GlobalSection(ProjectConfigurationPlatforms) = postSolution
		{285ED73E-36FA-4A31-8BEB-ED2D5CAE46C1}.Debug|Any CPU.ActiveCfg = Debug|Any CPU
		{285ED73E-36FA-4A31-8BEB-ED2D5CAE46C1}.Debug|Any CPU.Build.0 = Debug|Any CPU
		{285ED73E-36FA-4A31-8BEB-ED2D5CAE46C1}.Release|Any CPU.ActiveCfg = Release|Any CPU
		{285ED73E-36FA-4A31-8BEB-ED2D5CAE46C1}.Release|Any CPU.Build.0 = Release|Any CPU
		{CB393DE7-BA1F-4C64-8F92-25BBECBA7212}.Debug|Any CPU.ActiveCfg = Debug|Any CPU
		{CB393DE7-BA1F-4C64-8F92-25BBECBA7212}.Debug|Any CPU.Build.0 = Debug|Any CPU
		{CB393DE7-BA1F-4C64-8F92-25BBECBA7212}.Release|Any CPU.ActiveCfg = Release|Any CPU
		{CB393DE7-BA1F-4C64-8F92-25BBECBA7212}.Release|Any CPU.Build.0 = Release|Any CPU
		{5FE47495-7547-4151-B47F-6EAB07ECCA8B}.Debug|Any CPU.ActiveCfg = Debug|Any CPU
		{5FE47495-7547-4151-B47F-6EAB07ECCA8B}.Debug|Any CPU.Build.0 = Debug|Any CPU
		{5FE47495-7547-4151-B47F-6EAB07ECCA8B}.Release|Any CPU.ActiveCfg = Release|Any CPU
		{5FE47495-7547-4151-B47F-6EAB07ECCA8B}.Release|Any CPU.Build.0 = Release|Any CPU
		{5948A4EE-230A-4D42-AFC5-B7D34AE33312}.Debug|Any CPU.ActiveCfg = Debug|Any CPU
		{5948A4EE-230A-4D42-AFC5-B7D34AE33312}.Debug|Any CPU.Build.0 = Debug|Any CPU
		{5948A4EE-230A-4D42-AFC5-B7D34AE33312}.Release|Any CPU.ActiveCfg = Release|Any CPU
		{5948A4EE-230A-4D42-AFC5-B7D34AE33312}.Release|Any CPU.Build.0 = Release|Any CPU
	EndGlobalSection
	GlobalSection(SolutionProperties) = preSolution
		HideSolutionNode = FALSE
	EndGlobalSection
	GlobalSection(ExtensibilityGlobals) = postSolution
		SolutionGuid = {137C0249-B94C-4BAF-ACE6-CF00285EE74D}
	EndGlobalSection
EndGlobal
